
Microsoft Visual Studio Solution File, Format Version 12.00
# Visual Studio Version 16
VisualStudioVersion = 16.0.30711.63
MinimumVisualStudioVersion = 10.0.40219.1
Project("{FAE04EC0-301F-11D3-BF4B-00C04F79EFBC}") = "SqlServer.Commands", "SqlServer.Commands\SqlServer.Commands.csproj", "{109046E1-D730-4456-99F5-8A9434AC12B1}"
EndProject
Global
	GlobalSection(SolutionConfigurationPlatforms) = preSolution
		Debug|Any CPU = Debug|Any CPU
		Release|Any CPU = Release|Any CPU
	EndGlobalSection
	GlobalSection(ProjectConfigurationPlatforms) = postSolution
		{109046E1-D730-4456-99F5-8A9434AC12B1}.Debug|Any CPU.ActiveCfg = Debug|Any CPU
		{109046E1-D730-4456-99F5-8A9434AC12B1}.Debug|Any CPU.Build.0 = Debug|Any CPU
		{109046E1-D730-4456-99F5-8A9434AC12B1}.Release|Any CPU.ActiveCfg = Release|Any CPU
		{109046E1-D730-4456-99F5-8A9434AC12B1}.Release|Any CPU.Build.0 = Release|Any CPU
	EndGlobalSection
	GlobalSection(SolutionProperties) = preSolution
		HideSolutionNode = FALSE
	EndGlobalSection
	GlobalSection(ExtensibilityGlobals) = postSolution
		SolutionGuid = {D41BBA13-BD29-4954-B685-C4251262AAEF}
	EndGlobalSection
EndGlobal
